
Microsoft Visual Studio Solution File, Format Version 12.00
Project("{FAE04EC0-301F-11D3-BF4B-00C04F79EFBC}") = "Lab1", "Lab1\Lab1.csproj", "{22436F94-2B2E-4A69-8FC9-54763B387C0B}"
EndProject
Project("{FAE04EC0-301F-11D3-BF4B-00C04F79EFBC}") = "Lab2", "Lab2\Lab2.csproj", "{8D09DD06-E35C-4FEC-9EB1-3F6FDCA5D89C}"
EndProject
Project("{FAE04EC0-301F-11D3-BF4B-00C04F79EFBC}") = "Lab3", "Lab3\Lab3.csproj", "{F374E1FD-F83C-4842-A41B-FC81AE587816}"
EndProject
Project("{FAE04EC0-301F-11D3-BF4B-00C04F79EFBC}") = "Lab4", "Lab4\Lab4.csproj", "{AF6354C1-2CCE-455F-801C-27245B63B2DD}"
EndProject
Global
	GlobalSection(SolutionConfigurationPlatforms) = preSolution
		Debug|Any CPU = Debug|Any CPU
		Release|Any CPU = Release|Any CPU
	EndGlobalSection
	GlobalSection(ProjectConfigurationPlatforms) = postSolution
		{22436F94-2B2E-4A69-8FC9-54763B387C0B}.Debug|Any CPU.ActiveCfg = Debug|Any CPU
		{22436F94-2B2E-4A69-8FC9-54763B387C0B}.Debug|Any CPU.Build.0 = Debug|Any CPU
		{22436F94-2B2E-4A69-8FC9-54763B387C0B}.Release|Any CPU.ActiveCfg = Release|Any CPU
		{22436F94-2B2E-4A69-8FC9-54763B387C0B}.Release|Any CPU.Build.0 = Release|Any CPU
		{8D09DD06-E35C-4FEC-9EB1-3F6FDCA5D89C}.Debug|Any CPU.ActiveCfg = Debug|Any CPU
		{8D09DD06-E35C-4FEC-9EB1-3F6FDCA5D89C}.Debug|Any CPU.Build.0 = Debug|Any CPU
		{8D09DD06-E35C-4FEC-9EB1-3F6FDCA5D89C}.Release|Any CPU.ActiveCfg = Release|Any CPU
		{8D09DD06-E35C-4FEC-9EB1-3F6FDCA5D89C}.Release|Any CPU.Build.0 = Release|Any CPU
		{F374E1FD-F83C-4842-A41B-FC81AE587816}.Debug|Any CPU.ActiveCfg = Debug|Any CPU
		{F374E1FD-F83C-4842-A41B-FC81AE587816}.Debug|Any CPU.Build.0 = Debug|Any CPU
		{F374E1FD-F83C-4842-A41B-FC81AE587816}.Release|Any CPU.ActiveCfg = Release|Any CPU
		{F374E1FD-F83C-4842-A41B-FC81AE587816}.Release|Any CPU.Build.0 = Release|Any CPU
		{AF6354C1-2CCE-455F-801C-27245B63B2DD}.Debug|Any CPU.ActiveCfg = Debug|Any CPU
		{AF6354C1-2CCE-455F-801C-27245B63B2DD}.Debug|Any CPU.Build.0 = Debug|Any CPU
		{AF6354C1-2CCE-455F-801C-27245B63B2DD}.Release|Any CPU.ActiveCfg = Release|Any CPU
		{AF6354C1-2CCE-455F-801C-27245B63B2DD}.Release|Any CPU.Build.0 = Release|Any CPU
	EndGlobalSection
EndGlobal
